
Microsoft Visual Studio Solution File, Format Version 11.00
# Visual Studio 2010
Project("{8BC9CEB8-8B4A-11D0-8D11-00A0C91BC942}") = "Leveldb", "Leveldb.vcxproj", "{A75FA9CD-7F2E-D1E5-E8C4-6E65076E9761}"
EndProject
Global
	GlobalSection(SolutionConfigurationPlatforms) = preSolution
		Debug|Win32 = Debug|Win32
		Release|Win32 = Release|Win32
	EndGlobalSection
	GlobalSection(ProjectConfigurationPlatforms) = postSolution
		{A75FA9CD-7F2E-D1E5-E8C4-6E65076E9761}.Debug|Win32.ActiveCfg = Debug|Win32
		{A75FA9CD-7F2E-D1E5-E8C4-6E65076E9761}.Debug|Win32.Build.0 = Debug|Win32
		{A75FA9CD-7F2E-D1E5-E8C4-6E65076E9761}.Release|Win32.ActiveCfg = Release|Win32
		{A75FA9CD-7F2E-D1E5-E8C4-6E65076E9761}.Release|Win32.Build.0 = Release|Win32
	EndGlobalSection
	GlobalSection(SolutionProperties) = preSolution
		HideSolutionNode = FALSE
	EndGlobalSection
EndGlobal
