
Microsoft Visual Studio Solution File, Format Version 11.00
# Visual Studio 2010
Project("{8BC9CEB8-8B4A-11D0-8D11-00A0C91BC942}") = "db_bench", "db_bench.vcxproj", "{925B9311-B6F4-D820-A2A4-DC9A796E4433}"
EndProject
Project("{8BC9CEB8-8B4A-11D0-8D11-00A0C91BC942}") = "db_test", "db_test.vcxproj", "{25A3BEFF-B1FB-F809-9C82-EE3BCD50C725}"
EndProject
Global
	GlobalSection(SolutionConfigurationPlatforms) = preSolution
		Debug|Win32 = Debug|Win32
		Release|Win32 = Release|Win32
	EndGlobalSection
	GlobalSection(ProjectConfigurationPlatforms) = postSolution
		{925B9311-B6F4-D820-A2A4-DC9A796E4433}.Debug|Win32.ActiveCfg = Debug|Win32
		{925B9311-B6F4-D820-A2A4-DC9A796E4433}.Debug|Win32.Build.0 = Debug|Win32
		{925B9311-B6F4-D820-A2A4-DC9A796E4433}.Release|Win32.ActiveCfg = Release|Win32
		{925B9311-B6F4-D820-A2A4-DC9A796E4433}.Release|Win32.Build.0 = Release|Win32
		{25A3BEFF-B1FB-F809-9C82-EE3BCD50C725}.Debug|Win32.ActiveCfg = Debug|Win32
		{25A3BEFF-B1FB-F809-9C82-EE3BCD50C725}.Debug|Win32.Build.0 = Debug|Win32
		{25A3BEFF-B1FB-F809-9C82-EE3BCD50C725}.Release|Win32.ActiveCfg = Release|Win32
		{25A3BEFF-B1FB-F809-9C82-EE3BCD50C725}.Release|Win32.Build.0 = Release|Win32
	EndGlobalSection
	GlobalSection(SolutionProperties) = preSolution
		HideSolutionNode = FALSE
	EndGlobalSection
EndGlobal
