
Microsoft Visual Studio Solution File, Format Version 11.00
# Visual Studio 2010
Project("{8BC9CEB8-8B4A-11D0-8D11-00A0C91BC942}") = "Leveldb", "Leveldb.vcxproj", "{5A742A93-8035-46F4-B132-DB614BDFBBD7}"
EndProject
Project("{8BC9CEB8-8B4A-11D0-8D11-00A0C91BC942}") = "CorruptionTest", "CorruptionTest.vcxproj", "{FC373AA6-EEFC-4CF7-B567-449D0E4D1ECE}"
EndProject
Project("{8BC9CEB8-8B4A-11D0-8D11-00A0C91BC942}") = "DbFormatTest", "DbFormatTest.vcxproj", "{AEC208B7-5AF9-459C-B7F4-E6A570D53357}"
EndProject
Project("{8BC9CEB8-8B4A-11D0-8D11-00A0C91BC942}") = "DbBench", "DbBench.vcxproj", "{1A73CE20-35BD-4694-B381-942C937B17C1}"
EndProject
Project("{8BC9CEB8-8B4A-11D0-8D11-00A0C91BC942}") = "DbTest", "DbTest.vcxproj", "{D5639E07-9EF6-451D-9940-6927CF877561}"
EndProject
Project("{8BC9CEB8-8B4A-11D0-8D11-00A0C91BC942}") = "FileNameTest", "FileNameTest.vcxproj", "{3B37F521-39A6-4218-B986-50BF5B901707}"
EndProject
Global
	GlobalSection(SolutionConfigurationPlatforms) = preSolution
		Debug|Win32 = Debug|Win32
		Release|Win32 = Release|Win32
	EndGlobalSection
	GlobalSection(ProjectConfigurationPlatforms) = postSolution
		{5A742A93-8035-46F4-B132-DB614BDFBBD7}.Debug|Win32.ActiveCfg = Debug|Win32
		{5A742A93-8035-46F4-B132-DB614BDFBBD7}.Debug|Win32.Build.0 = Debug|Win32
		{5A742A93-8035-46F4-B132-DB614BDFBBD7}.Release|Win32.ActiveCfg = Release|Win32
		{5A742A93-8035-46F4-B132-DB614BDFBBD7}.Release|Win32.Build.0 = Release|Win32
		{FC373AA6-EEFC-4CF7-B567-449D0E4D1ECE}.Debug|Win32.ActiveCfg = Debug|Win32
		{FC373AA6-EEFC-4CF7-B567-449D0E4D1ECE}.Debug|Win32.Build.0 = Debug|Win32
		{FC373AA6-EEFC-4CF7-B567-449D0E4D1ECE}.Release|Win32.ActiveCfg = Release|Win32
		{FC373AA6-EEFC-4CF7-B567-449D0E4D1ECE}.Release|Win32.Build.0 = Release|Win32
		{AEC208B7-5AF9-459C-B7F4-E6A570D53357}.Debug|Win32.ActiveCfg = Debug|Win32
		{AEC208B7-5AF9-459C-B7F4-E6A570D53357}.Debug|Win32.Build.0 = Debug|Win32
		{AEC208B7-5AF9-459C-B7F4-E6A570D53357}.Release|Win32.ActiveCfg = Release|Win32
		{AEC208B7-5AF9-459C-B7F4-E6A570D53357}.Release|Win32.Build.0 = Release|Win32
		{1A73CE20-35BD-4694-B381-942C937B17C1}.Debug|Win32.ActiveCfg = Debug|Win32
		{1A73CE20-35BD-4694-B381-942C937B17C1}.Debug|Win32.Build.0 = Debug|Win32
		{1A73CE20-35BD-4694-B381-942C937B17C1}.Release|Win32.ActiveCfg = Release|Win32
		{1A73CE20-35BD-4694-B381-942C937B17C1}.Release|Win32.Build.0 = Release|Win32
		{D5639E07-9EF6-451D-9940-6927CF877561}.Debug|Win32.ActiveCfg = Debug|Win32
		{D5639E07-9EF6-451D-9940-6927CF877561}.Debug|Win32.Build.0 = Debug|Win32
		{D5639E07-9EF6-451D-9940-6927CF877561}.Release|Win32.ActiveCfg = Release|Win32
		{D5639E07-9EF6-451D-9940-6927CF877561}.Release|Win32.Build.0 = Release|Win32
		{3B37F521-39A6-4218-B986-50BF5B901707}.Debug|Win32.ActiveCfg = Debug|Win32
		{3B37F521-39A6-4218-B986-50BF5B901707}.Debug|Win32.Build.0 = Debug|Win32
		{3B37F521-39A6-4218-B986-50BF5B901707}.Release|Win32.ActiveCfg = Release|Win32
		{3B37F521-39A6-4218-B986-50BF5B901707}.Release|Win32.Build.0 = Release|Win32
	EndGlobalSection
	GlobalSection(SolutionProperties) = preSolution
		HideSolutionNode = FALSE
	EndGlobalSection
EndGlobal
